// !$*UTF8*$!
{
	archiveVersion = 1;
	classes = {
	};
	objectVersion = 46;
	objects = {

/* Begin PBXBuildFile section */
		A570A9D51E82EA54000B44AC /* AppDelegate.swift in Sources */ = {isa = PBXBuildFile; fileRef = A570A9D41E82EA54000B44AC /* AppDelegate.swift */; };
		A570A9DC1E82EA54000B44AC /* Assets.xcassets in Resources */ = {isa = PBXBuildFile; fileRef = A570A9DB1E82EA54000B44AC /* Assets.xcassets */; };
		A570A9DF1E82EA54000B44AC /* LaunchScreen.storyboard in Resources */ = {isa = PBXBuildFile; fileRef = A570A9DD1E82EA54000B44AC /* LaunchScreen.storyboard */; };
		A570A9E71E82EA76000B44AC /* ViewController.swift in Sources */ = {isa = PBXBuildFile; fileRef = A570A9E61E82EA76000B44AC /* ViewController.swift */; };
		A570A9E91E82EA90000B44AC /* Pet.swift in Sources */ = {isa = PBXBuildFile; fileRef = A570A9E81E82EA90000B44AC /* Pet.swift */; };
		A570A9EB1E82EA97000B44AC /* DisplayView.swift in Sources */ = {isa = PBXBuildFile; fileRef = A570A9EA1E82EA97000B44AC /* DisplayView.swift */; };
		A570A9EE1E82EB55000B44AC /* Main.storyboard in Resources */ = {isa = PBXBuildFile; fileRef = A570A9EC1E82EB55000B44AC /* Main.storyboard */; };
/* End PBXBuildFile section */

/* Begin PBXFileReference section */
		A570A9D11E82EA54000B44AC /* CoreySalzer-Lab5.app */ = {isa = PBXFileReference; explicitFileType = wrapper.application; includeInIndex = 0; path = "CoreySalzer-Lab5.app"; sourceTree = BUILT_PRODUCTS_DIR; };
		A570A9D41E82EA54000B44AC /* AppDelegate.swift */ = {isa = PBXFileReference; lastKnownFileType = sourcecode.swift; path = AppDelegate.swift; sourceTree = "<group>"; };
		A570A9DB1E82EA54000B44AC /* Assets.xcassets */ = {isa = PBXFileReference; lastKnownFileType = folder.assetcatalog; path = Assets.xcassets; sourceTree = "<group>"; };
		A570A9DE1E82EA54000B44AC /* Base */ = {isa = PBXFileReference; lastKnownFileType = file.storyboard; name = Base; path = Base.lproj/LaunchScreen.storyboard; sourceTree = "<group>"; };
		A570A9E01E82EA54000B44AC /* Info.plist */ = {isa = PBXFileReference; lastKnownFileType = text.plist.xml; path = Info.plist; sourceTree = "<group>"; };
		A570A9E61E82EA76000B44AC /* ViewController.swift */ = {isa = PBXFileReference; fileEncoding = 4; lastKnownFileType = sourcecode.swift; name = ViewController.swift; path = "../../CoreySalzer-Lab2/CoreySalzer-Lab2/ViewController.swift"; sourceTree = "<group>"; };
		A570A9E81E82EA90000B44AC /* Pet.swift */ = {isa = PBXFileReference; fileEncoding = 4; lastKnownFileType = sourcecode.swift; name = Pet.swift; path = "../../CoreySalzer-Lab2/CoreySalzer-Lab2/Pet.swift"; sourceTree = "<group>"; };
		A570A9EA1E82EA97000B44AC /* DisplayView.swift */ = {isa = PBXFileReference; fileEncoding = 4; lastKnownFileType = sourcecode.swift; name = DisplayView.swift; path = "../../CoreySalzer-Lab2/CoreySalzer-Lab2/DisplayView.swift"; sourceTree = "<group>"; };
		A570A9ED1E82EB55000B44AC /* Base */ = {isa = PBXFileReference; lastKnownFileType = file.storyboard; name = Base; path = "../../CoreySalzer-Lab2/CoreySalzer-Lab2/Base.lproj/Main.storyboard"; sourceTree = "<group>"; };
/* End PBXFileReference section */

/* Begin PBXFrameworksBuildPhase section */
		A570A9CE1E82EA54000B44AC /* Frameworks */ = {
			isa = PBXFrameworksBuildPhase;
			buildActionMask = 2147483647;
			files = (
			);
			runOnlyForDeploymentPostprocessing = 0;
		};
/* End PBXFrameworksBuildPhase section */

/* Begin PBXGroup section */
		A570A9C81E82EA54000B44AC = {
			isa = PBXGroup;
			children = (
				A570A9D31E82EA54000B44AC /* CoreySalzer-Lab5 */,
				A570A9D21E82EA54000B44AC /* Products */,
			);
			sourceTree = "<group>";
		};
		A570A9D21E82EA54000B44AC /* Products */ = {
			isa = PBXGroup;
			children = (
				A570A9D11E82EA54000B44AC /* CoreySalzer-Lab5.app */,
			);
			name = Products;
			sourceTree = "<group>";
		};
		A570A9D31E82EA54000B44AC /* CoreySalzer-Lab5 */ = {
			isa = PBXGroup;
			children = (
				A570A9D41E82EA54000B44AC /* AppDelegate.swift */,
				A570A9E61E82EA76000B44AC /* ViewController.swift */,
				A570A9E81E82EA90000B44AC /* Pet.swift */,
				A570A9EA1E82EA97000B44AC /* DisplayView.swift */,
				A570A9EC1E82EB55000B44AC /* Main.storyboard */,
				A570A9DB1E82EA54000B44AC /* Assets.xcassets */,
				A570A9DD1E82EA54000B44AC /* LaunchScreen.storyboard */,
				A570A9E01E82EA54000B44AC /* Info.plist */,
			);
			path = "CoreySalzer-Lab5";
			sourceTree = "<group>";
		};
/* End PBXGroup section */

/* Begin PBXNativeTarget section */
		A570A9D01E82EA54000B44AC /* CoreySalzer-Lab5 */ = {
			isa = PBXNativeTarget;
			buildConfigurationList = A570A9E31E82EA54000B44AC /* Build configuration list for PBXNativeTarget "CoreySalzer-Lab5" */;
			buildPhases = (
				A570A9CD1E82EA54000B44AC /* Sources */,
				A570A9CE1E82EA54000B44AC /* Frameworks */,
				A570A9CF1E82EA54000B44AC /* Resources */,
			);
			buildRules = (
			);
			dependencies = (
			);
			name = "CoreySalzer-Lab5";
			productName = "CoreySalzer-Lab5";
			productReference = A570A9D11E82EA54000B44AC /* CoreySalzer-Lab5.app */;
			productType = "com.apple.product-type.application";
		};
/* End PBXNativeTarget section */

/* Begin PBXProject section */
		A570A9C91E82EA54000B44AC /* Project object */ = {
			isa = PBXProject;
			attributes = {
				LastSwiftUpdateCheck = 0820;
				LastUpgradeCheck = 0820;
				ORGANIZATIONNAME = "Corey Salzer";
				TargetAttributes = {
					A570A9D01E82EA54000B44AC = {
						CreatedOnToolsVersion = 8.2.1;
						ProvisioningStyle = Automatic;
					};
				};
			};
			buildConfigurationList = A570A9CC1E82EA54000B44AC /* Build configuration list for PBXProject "CoreySalzer-Lab5" */;
			compatibilityVersion = "Xcode 3.2";
			developmentRegion = English;
			hasScannedForEncodings = 0;
			knownRegions = (
				en,
				Base,
			);
			mainGroup = A570A9C81E82EA54000B44AC;
			productRefGroup = A570A9D21E82EA54000B44AC /* Products */;
			projectDirPath = "";
			projectRoot = "";
			targets = (
				A570A9D01E82EA54000B44AC /* CoreySalzer-Lab5 */,
			);
		};
/* End PBXProject section */

/* Begin PBXResourcesBuildPhase section */
		A570A9CF1E82EA54000B44AC /* Resources */ = {
			isa = PBXResourcesBuildPhase;
			buildActionMask = 2147483647;
			files = (
				A570A9EE1E82EB55000B44AC /* Main.storyboard in Resources */,
				A570A9DF1E82EA54000B44AC /* LaunchScreen.storyboard in Resources */,
				A570A9DC1E82EA54000B44AC /* Assets.xcassets in Resources */,
			);
			runOnlyForDeploymentPostprocessing = 0;
		};
/* End PBXResourcesBuildPhase section */

/* Begin PBXSourcesBuildPhase section */
		A570A9CD1E82EA54000B44AC /* Sources */ = {
			isa = PBXSourcesBuildPhase;
			buildActionMask = 2147483647;
			files = (
				A570A9E91E82EA90000B44AC /* Pet.swift in Sources */,
				A570A9EB1E82EA97000B44AC /* DisplayView.swift in Sources */,
				A570A9E71E82EA76000B44AC /* ViewController.swift in Sources */,
				A570A9D51E82EA54000B44AC /* AppDelegate.swift in Sources */,
			);
			runOnlyForDeploymentPostprocessing = 0;
		};
/* End PBXSourcesBuildPhase section */

/* Begin PBXVariantGroup section */
		A570A9DD1E82EA54000B44AC /* LaunchScreen.storyboard */ = {
			isa = PBXVariantGroup;
			children = (
				A570A9DE1E82EA54000B44AC /* Base */,
			);
			name = LaunchScreen.storyboard;
			sourceTree = "<group>";
		};
		A570A9EC1E82EB55000B44AC /* Main.storyboard */ = {
			isa = PBXVariantGroup;
			children = (
				A570A9ED1E82EB55000B44AC /* Base */,
			);
			name = Main.storyboard;
			sourceTree = "<group>";
		};
/* End PBXVariantGroup section */

/* Begin XCBuildConfiguration section */
		A570A9E11E82EA54000B44AC /* Debug */ = {
			isa = XCBuildConfiguration;
			buildSettings = {
				ALWAYS_SEARCH_USER_PATHS = NO;
				CLANG_ANALYZER_NONNULL = YES;
				CLANG_CXX_LANGUAGE_STANDARD = "gnu++0x";
				CLANG_CXX_LIBRARY = "libc++";
				CLANG_ENABLE_MODULES = YES;
				CLANG_ENABLE_OBJC_ARC = YES;
				CLANG_WARN_BOOL_CONVERSION = YES;
				CLANG_WARN_CONSTANT_CONVERSION = YES;
				CLANG_WARN_DIRECT_OBJC_ISA_USAGE = YES_ERROR;
				CLANG_WARN_DOCUMENTATION_COMMENTS = YES;
				CLANG_WARN_EMPTY_BODY = YES;
				CLANG_WARN_ENUM_CONVERSION = YES;
				CLANG_WARN_INFINITE_RECURSION = YES;
				CLANG_WARN_INT_CONVERSION = YES;
				CLANG_WARN_OBJC_ROOT_CLASS = YES_ERROR;
				CLANG_WARN_SUSPICIOUS_MOVE = YES;
				CLANG_WARN_UNREACHABLE_CODE = YES;
				CLANG_WARN__DUPLICATE_METHOD_MATCH = YES;
				"CODE_SIGN_IDENTITY[sdk=iphoneos*]" = "iPhone Developer";
				COPY_PHASE_STRIP = NO;
				DEBUG_INFORMATION_FORMAT = dwarf;
				ENABLE_STRICT_OBJC_MSGSEND = YES;
				ENABLE_TESTABILITY = YES;
				GCC_C_LANGUAGE_STANDARD = gnu99;
				GCC_DYNAMIC_NO_PIC = NO;
				GCC_NO_COMMON_BLOCKS = YES;
				GCC_OPTIMIZATION_LEVEL = 0;
				GCC_PREPROCESSOR_DEFINITIONS = (
					"DEBUG=1",
					"$(inherited)",
				);
				GCC_WARN_64_TO_32_BIT_CONVERSION = YES;
				GCC_WARN_ABOUT_RETURN_TYPE = YES_ERROR;
				GCC_WARN_UNDECLARED_SELECTOR = YES;
				GCC_WARN_UNINITIALIZED_AUTOS = YES_AGGRESSIVE;
				GCC_WARN_UNUSED_FUNCTION = YES;
				GCC_WARN_UNUSED_VARIABLE = YES;
				IPHONEOS_DEPLOYMENT_TARGET = 10.2;
				MTL_ENABLE_DEBUG_INFO = YES;
				ONLY_ACTIVE_ARCH = YES;
				SDKROOT = iphoneos;
				SWIFT_ACTIVE_COMPILATION_CONDITIONS = DEBUG;
				SWIFT_OPTIMIZATION_LEVEL = "-Onone";
				TARGETED_DEVICE_FAMILY = "1,2";
			};
			name = Debug;
		};
		A570A9E21E82EA54000B44AC /* Release */ = {
			isa = XCBuildConfiguration;
			buildSettings = {
				ALWAYS_SEARCH_USER_PATHS = NO;
				CLANG_ANALYZER_NONNULL = YES;
				CLANG_CXX_LANGUAGE_STANDARD = "gnu++0x";
				CLANG_CXX_LIBRARY = "libc++";
				CLANG_ENABLE_MODULES = YES;
				CLANG_ENABLE_OBJC_ARC = YES;
				CLANG_WARN_BOOL_CONVERSION = YES;
				CLANG_WARN_CONSTANT_CONVERSION = YES;
				CLANG_WARN_DIRECT_OBJC_ISA_USAGE = YES_ERROR;
				CLANG_WARN_DOCUMENTATION_COMMENTS = YES;
				CLANG_WARN_EMPTY_BODY = YES;
				CLANG_WARN_ENUM_CONVERSION = YES;
				CLANG_WARN_INFINITE_RECURSION = YES;
				CLANG_WARN_INT_CONVERSION = YES;
				CLANG_WARN_OBJC_ROOT_CLASS = YES_ERROR;
				CLANG_WARN_SUSPICIOUS_MOVE = YES;
				CLANG_WARN_UNREACHABLE_CODE = YES;
				CLANG_WARN__DUPLICATE_METHOD_MATCH = YES;
				"CODE_SIGN_IDENTITY[sdk=iphoneos*]" = "iPhone Developer";
				COPY_PHASE_STRIP = NO;
				DEBUG_INFORMATION_FORMAT = "dwarf-with-dsym";
				ENABLE_NS_ASSERTIONS = NO;
				ENABLE_STRICT_OBJC_MSGSEND = YES;
				GCC_C_LANGUAGE_STANDARD = gnu99;
				GCC_NO_COMMON_BLOCKS = YES;
				GCC_WARN_64_TO_32_BIT_CONVERSION = YES;
				GCC_WARN_ABOUT_RETURN_TYPE = YES_ERROR;
				GCC_WARN_UNDECLARED_SELECTOR = YES;
				GCC_WARN_UNINITIALIZED_AUTOS = YES_AGGRESSIVE;
				GCC_WARN_UNUSED_FUNCTION = YES;
				GCC_WARN_UNUSED_VARIABLE = YES;
				IPHONEOS_DEPLOYMENT_TARGET = 10.2;
				MTL_ENABLE_DEBUG_INFO = NO;
				SDKROOT = iphoneos;
				SWIFT_OPTIMIZATION_LEVEL = "-Owholemodule";
				TARGETED_DEVICE_FAMILY = "1,2";
				VALIDATE_PRODUCT = YES;
			};
			name = Release;
		};
		A570A9E41E82EA54000B44AC /* Debug */ = {
			isa = XCBuildConfiguration;
			buildSettings = {
				ASSETCATALOG_COMPILER_APPICON_NAME = AppIcon;
				INFOPLIST_FILE = "CoreySalzer-Lab5/Info.plist";
				LD_RUNPATH_SEARCH_PATHS = "$(inherited) @executable_path/Frameworks";
				PRODUCT_BUNDLE_IDENTIFIER = "com.CSE438.CoreySalzer-Lab5";
				PRODUCT_NAME = "$(TARGET_NAME)";
				SWIFT_VERSION = 3.0;
			};
			name = Debug;
		};
		A570A9E51E82EA54000B44AC /* Release */ = {
			isa = XCBuildConfiguration;
			buildSettings = {
				ASSETCATALOG_COMPILER_APPICON_NAME = AppIcon;
				INFOPLIST_FILE = "CoreySalzer-Lab5/Info.plist";
				LD_RUNPATH_SEARCH_PATHS = "$(inherited) @executable_path/Frameworks";
				PRODUCT_BUNDLE_IDENTIFIER = "com.CSE438.CoreySalzer-Lab5";
				PRODUCT_NAME = "$(TARGET_NAME)";
				SWIFT_VERSION = 3.0;
			};
			name = Release;
		};
/* End XCBuildConfiguration section */

/* Begin XCConfigurationList section */
		A570A9CC1E82EA54000B44AC /* Build configuration list for PBXProject "CoreySalzer-Lab5" */ = {
			isa = XCConfigurationList;
			buildConfigurations = (
				A570A9E11E82EA54000B44AC /* Debug */,
				A570A9E21E82EA54000B44AC /* Release */,
			);
			defaultConfigurationIsVisible = 0;
			defaultConfigurationName = Release;
		};
		A570A9E31E82EA54000B44AC /* Build configuration list for PBXNativeTarget "CoreySalzer-Lab5" */ = {
			isa = XCConfigurationList;
			buildConfigurations = (
				A570A9E41E82EA54000B44AC /* Debug */,
				A570A9E51E82EA54000B44AC /* Release */,
			);
			defaultConfigurationIsVisible = 0;
		};
/* End XCConfigurationList section */
	};
	rootObject = A570A9C91E82EA54000B44AC /* Project object */;
}
